
Microsoft Visual Studio Solution File, Format Version 12.00
# Visual Studio Version 16
VisualStudioVersion = 16.0.30330.147
MinimumVisualStudioVersion = 10.0.40219.1
Project("{FAE04EC0-301F-11D3-BF4B-00C04F79EFBC}") = "GCD0805App", "GCD0805App\GCD0805App.csproj", "{B0026567-497E-4F79-8246-CDE93B87B756}"
EndProject
Global
	GlobalSection(SolutionConfigurationPlatforms) = preSolution
		Debug|Any CPU = Debug|Any CPU
		Release|Any CPU = Release|Any CPU
	EndGlobalSection
	GlobalSection(ProjectConfigurationPlatforms) = postSolution
		{B0026567-497E-4F79-8246-CDE93B87B756}.Debug|Any CPU.ActiveCfg = Debug|Any CPU
		{B0026567-497E-4F79-8246-CDE93B87B756}.Debug|Any CPU.Build.0 = Debug|Any CPU
		{B0026567-497E-4F79-8246-CDE93B87B756}.Release|Any CPU.ActiveCfg = Release|Any CPU
		{B0026567-497E-4F79-8246-CDE93B87B756}.Release|Any CPU.Build.0 = Release|Any CPU
	EndGlobalSection
	GlobalSection(SolutionProperties) = preSolution
		HideSolutionNode = FALSE
	EndGlobalSection
	GlobalSection(ExtensibilityGlobals) = postSolution
		SolutionGuid = {82B1EF25-69D1-425B-9E8B-6F547BFAA3C7}
	EndGlobalSection
EndGlobal
